{
    "name": "fairshare-interns-fizzbuzz",
    "lockfileVersion": 2,
    "requires": true,
    "packages": {
        "": {
            "devDependencies": {
                "mock-stdin": "^1.0.0"
            }
        },
        "node_modules/mock-stdin": {
            "version": "1.0.0",
            "resolved": "https://registry.npmjs.org/mock-stdin/-/mock-stdin-1.0.0.tgz",
            "integrity": "sha512-tukRdb9Beu27t6dN+XztSRHq9J0B/CoAOySGzHfn8UTfmqipA5yNT/sDUEyYdAV3Hpka6Wx6kOMxuObdOex60Q==",
            "dev": true
        }
    },
    "dependencies": {
        "mock-stdin": {
            "version": "1.0.0",
            "resolved": "https://registry.npmjs.org/mock-stdin/-/mock-stdin-1.0.0.tgz",
            "integrity": "sha512-tukRdb9Beu27t6dN+XztSRHq9J0B/CoAOySGzHfn8UTfmqipA5yNT/sDUEyYdAV3Hpka6Wx6kOMxuObdOex60Q==",
            "dev": true
        }
    }
}
